
Microsoft Visual Studio Solution File, Format Version 12.00
# Visual Studio Version 16
VisualStudioVersion = 16.0.31229.75
MinimumVisualStudioVersion = 10.0.40219.1
Project("{FAE04EC0-301F-11D3-BF4B-00C04F79EFBC}") = "ConversorASCII", "ConversorASCII.csproj", "{51C89D06-112F-4294-9E3B-42E7E96FAE9A}"
EndProject
Global
	GlobalSection(SolutionConfigurationPlatforms) = preSolution
		Debug|Any CPU = Debug|Any CPU
		Release|Any CPU = Release|Any CPU
	EndGlobalSection
	GlobalSection(ProjectConfigurationPlatforms) = postSolution
		{51C89D06-112F-4294-9E3B-42E7E96FAE9A}.Debug|Any CPU.ActiveCfg = Debug|Any CPU
		{51C89D06-112F-4294-9E3B-42E7E96FAE9A}.Debug|Any CPU.Build.0 = Debug|Any CPU
		{51C89D06-112F-4294-9E3B-42E7E96FAE9A}.Release|Any CPU.ActiveCfg = Release|Any CPU
		{51C89D06-112F-4294-9E3B-42E7E96FAE9A}.Release|Any CPU.Build.0 = Release|Any CPU
	EndGlobalSection
	GlobalSection(SolutionProperties) = preSolution
		HideSolutionNode = FALSE
	EndGlobalSection
	GlobalSection(ExtensibilityGlobals) = postSolution
		SolutionGuid = {028B6494-D169-4816-9729-B371A763F2AC}
	EndGlobalSection
EndGlobal
